{
  "name": "portfolioMPA",
  "lockfileVersion": 2,
  "requires": true,
  "packages": {
    "": {
      "dependencies": {
        "@splinetool/runtime": "^0.9.357",
        "three": "^0.153.0"
      }
    },
    "node_modules/@splinetool/runtime": {
      "version": "0.9.357",
      "resolved": "https://registry.npmjs.org/@splinetool/runtime/-/runtime-0.9.357.tgz",
      "integrity": "sha512-NEG2p92yw7ERo329XrEH+ocPXi12iLRF9HC+wbzPgManoS2WhVL5e7D9jEMOTLAAhBhKVXjynPr0/1k2EjFImw==",
      "dependencies": {
        "on-change": "^4.0.0",
        "semver-compare": "^1.0.0"
      }
    },
    "node_modules/on-change": {
      "version": "4.0.2",
      "resolved": "https://registry.npmjs.org/on-change/-/on-change-4.0.2.tgz",
      "integrity": "sha512-cMtCyuJmTx/bg2HCpHo3ZLeF7FZnBOapLqZHr2AlLeJ5Ul0Zu2mUJJz051Fdwu/Et2YW04ZD+TtU+gVy0ACNCA==",
      "engines": {
        "node": "^12.20.0 || ^14.13.1 || >=16.0.0"
      },
      "funding": {
        "url": "https://github.com/sindresorhus/on-change?sponsor=1"
      }
    },
    "node_modules/semver-compare": {
      "version": "1.0.0",
      "license": "MIT"
    },
    "node_modules/three": {
      "version": "0.153.0",
      "resolved": "https://registry.npmjs.org/three/-/three-0.153.0.tgz",
      "integrity": "sha512-OCP2/uQR6GcDpSLnJt/3a4mdS0kNWcbfUXIwLoEMgLzEUIVIYsSDwskpmOii/AkDM+BBwrl6+CKgrjX9+E2aWg=="
    }
  },
  "dependencies": {
    "@splinetool/runtime": {
      "version": "0.9.357",
      "resolved": "https://registry.npmjs.org/@splinetool/runtime/-/runtime-0.9.357.tgz",
      "integrity": "sha512-NEG2p92yw7ERo329XrEH+ocPXi12iLRF9HC+wbzPgManoS2WhVL5e7D9jEMOTLAAhBhKVXjynPr0/1k2EjFImw==",
      "requires": {
        "on-change": "^4.0.0",
        "semver-compare": "^1.0.0"
      }
    },
    "on-change": {
      "version": "4.0.2",
      "resolved": "https://registry.npmjs.org/on-change/-/on-change-4.0.2.tgz",
      "integrity": "sha512-cMtCyuJmTx/bg2HCpHo3ZLeF7FZnBOapLqZHr2AlLeJ5Ul0Zu2mUJJz051Fdwu/Et2YW04ZD+TtU+gVy0ACNCA=="
    },
    "semver-compare": {
      "version": "1.0.0"
    },
    "three": {
      "version": "0.153.0",
      "resolved": "https://registry.npmjs.org/three/-/three-0.153.0.tgz",
      "integrity": "sha512-OCP2/uQR6GcDpSLnJt/3a4mdS0kNWcbfUXIwLoEMgLzEUIVIYsSDwskpmOii/AkDM+BBwrl6+CKgrjX9+E2aWg=="
    }
  }
}
